<?xml version="1.0" encoding="utf-8"?>
<Project ToolsVersion="4.0" xmlns="http://schemas.microsoft.com/developer/msbuild/2003">
  <ItemGroup>
    <Filter Include="源文件">
      <UniqueIdentifier>{4FC737F1-C7A5-4376-A066-2A32D752A2FF}</UniqueIdentifier>
      <Extensions>cpp;c;cc;cxx;def;odl;idl;hpj;bat;asm;asmx</Extensions>
    </Filter>
    <Filter Include="头文件">
      <UniqueIdentifier>{93995380-89BD-4b04-88EB-625FBE52EBFB}</UniqueIdentifier>
      <Extensions>h;hh;hpp;hxx;hm;inl;inc;xsd</Extensions>
    </Filter>
    <Filter Include="资源文件">
      <UniqueIdentifier>{67DA6AB6-F800-4c08-8B7A-83BB121AAD01}</UniqueIdentifier>
      <Extensions>rc;ico;cur;bmp;dlg;rc2;rct;bin;rgs;gif;jpg;jpeg;jpe;resx;tiff;tif;png;wav;mfcribbon-ms</Extensions>
    </Filter>
    <Filter Include="源文件\DynamicProgramming">
      <UniqueIdentifier>{b0101d3f-a6c5-4d3c-b2cf-96504ca95f08}</UniqueIdentifier>
    </Filter>
    <Filter Include="源文件\GreedyAlgorithm">
      <UniqueIdentifier>{011e4bdb-caaf-429e-bcc3-d0753b587c4c}</UniqueIdentifier>
    </Filter>
    <Filter Include="源文件\BacktrackingMethod">
      <UniqueIdentifier>{f1135bce-ff1f-4d60-a05e-73bc2f030410}</UniqueIdentifier>
    </Filter>
  </ItemGroup>
  <ItemGroup>
    <ClCompile Include="DefaultTemplate.cpp">
      <Filter>源文件</Filter>
    </ClCompile>
    <ClCompile Include="AnotherCoinProblem.cpp">
      <Filter>源文件\DynamicProgramming</Filter>
    </ClCompile>
    <ClCompile Include="BagProblem.cpp">
      <Filter>源文件\DynamicProgramming</Filter>
    </ClCompile>
    <ClCompile Include="LongestCommonSubsequence.cpp">
      <Filter>源文件\DynamicProgramming</Filter>
    </ClCompile>
    <ClCompile Include="OneZeroBagProblem.cpp">
      <Filter>源文件\DynamicProgramming</Filter>
    </ClCompile>
    <ClCompile Include="ActivitySelectionQuestions.cpp">
      <Filter>源文件\GreedyAlgorithm</Filter>
    </ClCompile>
    <ClCompile Include="EightQueens.cpp.cpp">
      <Filter>源文件\BacktrackingMethod</Filter>
    </ClCompile>
    <ClCompile Include="CoinsProblem.cpp">
      <Filter>源文件\BacktrackingMethod</Filter>
    </ClCompile>
  </ItemGroup>
</Project>